// !$*UTF8*$!
{
	archiveVersion = 1;
	classes = {
	};
	objectVersion = 50;
	objects = {

/* Begin PBXBuildFile section */
		771AAA18225A089E00CD100E /* AppDelegate.swift in Sources */ = {isa = PBXBuildFile; fileRef = 771AAA17225A089E00CD100E /* AppDelegate.swift */; };
		771AAA1A225A089E00CD100E /* ViewController.swift in Sources */ = {isa = PBXBuildFile; fileRef = 771AAA19225A089E00CD100E /* ViewController.swift */; };
		771AAA1D225A089E00CD100E /* Main.storyboard in Resources */ = {isa = PBXBuildFile; fileRef = 771AAA1B225A089E00CD100E /* Main.storyboard */; };
		771AAA1F225A089F00CD100E /* Assets.xcassets in Resources */ = {isa = PBXBuildFile; fileRef = 771AAA1E225A089F00CD100E /* Assets.xcassets */; };
		771AAA22225A089F00CD100E /* LaunchScreen.storyboard in Resources */ = {isa = PBXBuildFile; fileRef = 771AAA20225A089F00CD100E /* LaunchScreen.storyboard */; };
		771AAA2D225A089F00CD100E /* LinkPreviewTests.swift in Sources */ = {isa = PBXBuildFile; fileRef = 771AAA2C225A089F00CD100E /* LinkPreviewTests.swift */; };
		771AAA38225A089F00CD100E /* LinkPreviewUITests.swift in Sources */ = {isa = PBXBuildFile; fileRef = 771AAA37225A089F00CD100E /* LinkPreviewUITests.swift */; };
		771AAA46225A08C100CD100E /* HJLinkPreview.swift in Sources */ = {isa = PBXBuildFile; fileRef = 771AAA45225A08C100CD100E /* HJLinkPreview.swift */; };
		771AAA48225A0B5C00CD100E /* ImageFetcher.swift in Sources */ = {isa = PBXBuildFile; fileRef = 771AAA47225A0B5C00CD100E /* ImageFetcher.swift */; };
/* End PBXBuildFile section */

/* Begin PBXContainerItemProxy section */
		771AAA29225A089F00CD100E /* PBXContainerItemProxy */ = {
			isa = PBXContainerItemProxy;
			containerPortal = 771AAA0C225A089E00CD100E /* Project object */;
			proxyType = 1;
			remoteGlobalIDString = 771AAA13225A089E00CD100E;
			remoteInfo = LinkPreview;
		};
		771AAA34225A089F00CD100E /* PBXContainerItemProxy */ = {
			isa = PBXContainerItemProxy;
			containerPortal = 771AAA0C225A089E00CD100E /* Project object */;
			proxyType = 1;
			remoteGlobalIDString = 771AAA13225A089E00CD100E;
			remoteInfo = LinkPreview;
		};
/* End PBXContainerItemProxy section */

/* Begin PBXFileReference section */
		771AAA14225A089E00CD100E /* LinkPreview.app */ = {isa = PBXFileReference; explicitFileType = wrapper.application; includeInIndex = 0; path = LinkPreview.app; sourceTree = BUILT_PRODUCTS_DIR; };
		771AAA17225A089E00CD100E /* AppDelegate.swift */ = {isa = PBXFileReference; lastKnownFileType = sourcecode.swift; path = AppDelegate.swift; sourceTree = "<group>"; };
		771AAA19225A089E00CD100E /* ViewController.swift */ = {isa = PBXFileReference; lastKnownFileType = sourcecode.swift; path = ViewController.swift; sourceTree = "<group>"; };
		771AAA1C225A089E00CD100E /* Base */ = {isa = PBXFileReference; lastKnownFileType = file.storyboard; name = Base; path = Base.lproj/Main.storyboard; sourceTree = "<group>"; };
		771AAA1E225A089F00CD100E /* Assets.xcassets */ = {isa = PBXFileReference; lastKnownFileType = folder.assetcatalog; path = Assets.xcassets; sourceTree = "<group>"; };
		771AAA21225A089F00CD100E /* Base */ = {isa = PBXFileReference; lastKnownFileType = file.storyboard; name = Base; path = Base.lproj/LaunchScreen.storyboard; sourceTree = "<group>"; };
		771AAA23225A089F00CD100E /* Info.plist */ = {isa = PBXFileReference; lastKnownFileType = text.plist.xml; path = Info.plist; sourceTree = "<group>"; };
		771AAA28225A089F00CD100E /* LinkPreviewTests.xctest */ = {isa = PBXFileReference; explicitFileType = wrapper.cfbundle; includeInIndex = 0; path = LinkPreviewTests.xctest; sourceTree = BUILT_PRODUCTS_DIR; };
		771AAA2C225A089F00CD100E /* LinkPreviewTests.swift */ = {isa = PBXFileReference; lastKnownFileType = sourcecode.swift; path = LinkPreviewTests.swift; sourceTree = "<group>"; };
		771AAA2E225A089F00CD100E /* Info.plist */ = {isa = PBXFileReference; lastKnownFileType = text.plist.xml; path = Info.plist; sourceTree = "<group>"; };
		771AAA33225A089F00CD100E /* LinkPreviewUITests.xctest */ = {isa = PBXFileReference; explicitFileType = wrapper.cfbundle; includeInIndex = 0; path = LinkPreviewUITests.xctest; sourceTree = BUILT_PRODUCTS_DIR; };
		771AAA37225A089F00CD100E /* LinkPreviewUITests.swift */ = {isa = PBXFileReference; lastKnownFileType = sourcecode.swift; path = LinkPreviewUITests.swift; sourceTree = "<group>"; };
		771AAA39225A089F00CD100E /* Info.plist */ = {isa = PBXFileReference; lastKnownFileType = text.plist.xml; path = Info.plist; sourceTree = "<group>"; };
		771AAA45225A08C100CD100E /* HJLinkPreview.swift */ = {isa = PBXFileReference; lastKnownFileType = sourcecode.swift; path = HJLinkPreview.swift; sourceTree = "<group>"; };
		771AAA47225A0B5C00CD100E /* ImageFetcher.swift */ = {isa = PBXFileReference; lastKnownFileType = sourcecode.swift; path = ImageFetcher.swift; sourceTree = "<group>"; };
/* End PBXFileReference section */

/* Begin PBXFrameworksBuildPhase section */
		771AAA11225A089E00CD100E /* Frameworks */ = {
			isa = PBXFrameworksBuildPhase;
			buildActionMask = 2147483647;
			files = (
			);
			runOnlyForDeploymentPostprocessing = 0;
		};
		771AAA25225A089F00CD100E /* Frameworks */ = {
			isa = PBXFrameworksBuildPhase;
			buildActionMask = 2147483647;
			files = (
			);
			runOnlyForDeploymentPostprocessing = 0;
		};
		771AAA30225A089F00CD100E /* Frameworks */ = {
			isa = PBXFrameworksBuildPhase;
			buildActionMask = 2147483647;
			files = (
			);
			runOnlyForDeploymentPostprocessing = 0;
		};
/* End PBXFrameworksBuildPhase section */

/* Begin PBXGroup section */
		771AAA0B225A089E00CD100E = {
			isa = PBXGroup;
			children = (
				771AAA16225A089E00CD100E /* LinkPreview */,
				771AAA2B225A089F00CD100E /* LinkPreviewTests */,
				771AAA36225A089F00CD100E /* LinkPreviewUITests */,
				771AAA15225A089E00CD100E /* Products */,
			);
			sourceTree = "<group>";
		};
		771AAA15225A089E00CD100E /* Products */ = {
			isa = PBXGroup;
			children = (
				771AAA14225A089E00CD100E /* LinkPreview.app */,
				771AAA28225A089F00CD100E /* LinkPreviewTests.xctest */,
				771AAA33225A089F00CD100E /* LinkPreviewUITests.xctest */,
			);
			name = Products;
			sourceTree = "<group>";
		};
		771AAA16225A089E00CD100E /* LinkPreview */ = {
			isa = PBXGroup;
			children = (
				771AAA17225A089E00CD100E /* AppDelegate.swift */,
				771AAA19225A089E00CD100E /* ViewController.swift */,
				771AAA45225A08C100CD100E /* HJLinkPreview.swift */,
				771AAA47225A0B5C00CD100E /* ImageFetcher.swift */,
				771AAA1B225A089E00CD100E /* Main.storyboard */,
				771AAA1E225A089F00CD100E /* Assets.xcassets */,
				771AAA20225A089F00CD100E /* LaunchScreen.storyboard */,
				771AAA23225A089F00CD100E /* Info.plist */,
			);
			path = LinkPreview;
			sourceTree = "<group>";
		};
		771AAA2B225A089F00CD100E /* LinkPreviewTests */ = {
			isa = PBXGroup;
			children = (
				771AAA2C225A089F00CD100E /* LinkPreviewTests.swift */,
				771AAA2E225A089F00CD100E /* Info.plist */,
			);
			path = LinkPreviewTests;
			sourceTree = "<group>";
		};
		771AAA36225A089F00CD100E /* LinkPreviewUITests */ = {
			isa = PBXGroup;
			children = (
				771AAA37225A089F00CD100E /* LinkPreviewUITests.swift */,
				771AAA39225A089F00CD100E /* Info.plist */,
			);
			path = LinkPreviewUITests;
			sourceTree = "<group>";
		};
/* End PBXGroup section */

/* Begin PBXNativeTarget section */
		771AAA13225A089E00CD100E /* LinkPreview */ = {
			isa = PBXNativeTarget;
			buildConfigurationList = 771AAA3C225A089F00CD100E /* Build configuration list for PBXNativeTarget "LinkPreview" */;
			buildPhases = (
				771AAA10225A089E00CD100E /* Sources */,
				771AAA11225A089E00CD100E /* Frameworks */,
				771AAA12225A089E00CD100E /* Resources */,
			);
			buildRules = (
			);
			dependencies = (
			);
			name = LinkPreview;
			productName = LinkPreview;
			productReference = 771AAA14225A089E00CD100E /* LinkPreview.app */;
			productType = "com.apple.product-type.application";
		};
		771AAA27225A089F00CD100E /* LinkPreviewTests */ = {
			isa = PBXNativeTarget;
			buildConfigurationList = 771AAA3F225A089F00CD100E /* Build configuration list for PBXNativeTarget "LinkPreviewTests" */;
			buildPhases = (
				771AAA24225A089F00CD100E /* Sources */,
				771AAA25225A089F00CD100E /* Frameworks */,
				771AAA26225A089F00CD100E /* Resources */,
			);
			buildRules = (
			);
			dependencies = (
				771AAA2A225A089F00CD100E /* PBXTargetDependency */,
			);
			name = LinkPreviewTests;
			productName = LinkPreviewTests;
			productReference = 771AAA28225A089F00CD100E /* LinkPreviewTests.xctest */;
			productType = "com.apple.product-type.bundle.unit-test";
		};
		771AAA32225A089F00CD100E /* LinkPreviewUITests */ = {
			isa = PBXNativeTarget;
			buildConfigurationList = 771AAA42225A089F00CD100E /* Build configuration list for PBXNativeTarget "LinkPreviewUITests" */;
			buildPhases = (
				771AAA2F225A089F00CD100E /* Sources */,
				771AAA30225A089F00CD100E /* Frameworks */,
				771AAA31225A089F00CD100E /* Resources */,
			);
			buildRules = (
			);
			dependencies = (
				771AAA35225A089F00CD100E /* PBXTargetDependency */,
			);
			name = LinkPreviewUITests;
			productName = LinkPreviewUITests;
			productReference = 771AAA33225A089F00CD100E /* LinkPreviewUITests.xctest */;
			productType = "com.apple.product-type.bundle.ui-testing";
		};
/* End PBXNativeTarget section */

/* Begin PBXProject section */
		771AAA0C225A089E00CD100E /* Project object */ = {
			isa = PBXProject;
			attributes = {
				LastSwiftUpdateCheck = 1020;
				LastUpgradeCheck = 1020;
				ORGANIZATIONNAME = "Manu Singh";
				TargetAttributes = {
					771AAA13225A089E00CD100E = {
						CreatedOnToolsVersion = 10.2;
					};
					771AAA27225A089F00CD100E = {
						CreatedOnToolsVersion = 10.2;
						TestTargetID = 771AAA13225A089E00CD100E;
					};
					771AAA32225A089F00CD100E = {
						CreatedOnToolsVersion = 10.2;
						TestTargetID = 771AAA13225A089E00CD100E;
					};
				};
			};
			buildConfigurationList = 771AAA0F225A089E00CD100E /* Build configuration list for PBXProject "LinkPreview" */;
			compatibilityVersion = "Xcode 9.3";
			developmentRegion = en;
			hasScannedForEncodings = 0;
			knownRegions = (
				en,
				Base,
			);
			mainGroup = 771AAA0B225A089E00CD100E;
			productRefGroup = 771AAA15225A089E00CD100E /* Products */;
			projectDirPath = "";
			projectRoot = "";
			targets = (
				771AAA13225A089E00CD100E /* LinkPreview */,
				771AAA27225A089F00CD100E /* LinkPreviewTests */,
				771AAA32225A089F00CD100E /* LinkPreviewUITests */,
			);
		};
/* End PBXProject section */

/* Begin PBXResourcesBuildPhase section */
		771AAA12225A089E00CD100E /* Resources */ = {
			isa = PBXResourcesBuildPhase;
			buildActionMask = 2147483647;
			files = (
				771AAA22225A089F00CD100E /* LaunchScreen.storyboard in Resources */,
				771AAA1F225A089F00CD100E /* Assets.xcassets in Resources */,
				771AAA1D225A089E00CD100E /* Main.storyboard in Resources */,
			);
			runOnlyForDeploymentPostprocessing = 0;
		};
		771AAA26225A089F00CD100E /* Resources */ = {
			isa = PBXResourcesBuildPhase;
			buildActionMask = 2147483647;
			files = (
			);
			runOnlyForDeploymentPostprocessing = 0;
		};
		771AAA31225A089F00CD100E /* Resources */ = {
			isa = PBXResourcesBuildPhase;
			buildActionMask = 2147483647;
			files = (
			);
			runOnlyForDeploymentPostprocessing = 0;
		};
/* End PBXResourcesBuildPhase section */

/* Begin PBXSourcesBuildPhase section */
		771AAA10225A089E00CD100E /* Sources */ = {
			isa = PBXSourcesBuildPhase;
			buildActionMask = 2147483647;
			files = (
				771AAA1A225A089E00CD100E /* ViewController.swift in Sources */,
				771AAA48225A0B5C00CD100E /* ImageFetcher.swift in Sources */,
				771AAA46225A08C100CD100E /* HJLinkPreview.swift in Sources */,
				771AAA18225A089E00CD100E /* AppDelegate.swift in Sources */,
			);
			runOnlyForDeploymentPostprocessing = 0;
		};
		771AAA24225A089F00CD100E /* Sources */ = {
			isa = PBXSourcesBuildPhase;
			buildActionMask = 2147483647;
			files = (
				771AAA2D225A089F00CD100E /* LinkPreviewTests.swift in Sources */,
			);
			runOnlyForDeploymentPostprocessing = 0;
		};
		771AAA2F225A089F00CD100E /* Sources */ = {
			isa = PBXSourcesBuildPhase;
			buildActionMask = 2147483647;
			files = (
				771AAA38225A089F00CD100E /* LinkPreviewUITests.swift in Sources */,
			);
			runOnlyForDeploymentPostprocessing = 0;
		};
/* End PBXSourcesBuildPhase section */

/* Begin PBXTargetDependency section */
		771AAA2A225A089F00CD100E /* PBXTargetDependency */ = {
			isa = PBXTargetDependency;
			target = 771AAA13225A089E00CD100E /* LinkPreview */;
			targetProxy = 771AAA29225A089F00CD100E /* PBXContainerItemProxy */;
		};
		771AAA35225A089F00CD100E /* PBXTargetDependency */ = {
			isa = PBXTargetDependency;
			target = 771AAA13225A089E00CD100E /* LinkPreview */;
			targetProxy = 771AAA34225A089F00CD100E /* PBXContainerItemProxy */;
		};
/* End PBXTargetDependency section */

/* Begin PBXVariantGroup section */
		771AAA1B225A089E00CD100E /* Main.storyboard */ = {
			isa = PBXVariantGroup;
			children = (
				771AAA1C225A089E00CD100E /* Base */,
			);
			name = Main.storyboard;
			sourceTree = "<group>";
		};
		771AAA20225A089F00CD100E /* LaunchScreen.storyboard */ = {
			isa = PBXVariantGroup;
			children = (
				771AAA21225A089F00CD100E /* Base */,
			);
			name = LaunchScreen.storyboard;
			sourceTree = "<group>";
		};
/* End PBXVariantGroup section */

/* Begin XCBuildConfiguration section */
		771AAA3A225A089F00CD100E /* Debug */ = {
			isa = XCBuildConfiguration;
			buildSettings = {
				ALWAYS_SEARCH_USER_PATHS = NO;
				CLANG_ANALYZER_NONNULL = YES;
				CLANG_ANALYZER_NUMBER_OBJECT_CONVERSION = YES_AGGRESSIVE;
				CLANG_CXX_LANGUAGE_STANDARD = "gnu++14";
				CLANG_CXX_LIBRARY = "libc++";
				CLANG_ENABLE_MODULES = YES;
				CLANG_ENABLE_OBJC_ARC = YES;
				CLANG_ENABLE_OBJC_WEAK = YES;
				CLANG_WARN_BLOCK_CAPTURE_AUTORELEASING = YES;
				CLANG_WARN_BOOL_CONVERSION = YES;
				CLANG_WARN_COMMA = YES;
				CLANG_WARN_CONSTANT_CONVERSION = YES;
				CLANG_WARN_DEPRECATED_OBJC_IMPLEMENTATIONS = YES;
				CLANG_WARN_DIRECT_OBJC_ISA_USAGE = YES_ERROR;
				CLANG_WARN_DOCUMENTATION_COMMENTS = YES;
				CLANG_WARN_EMPTY_BODY = YES;
				CLANG_WARN_ENUM_CONVERSION = YES;
				CLANG_WARN_INFINITE_RECURSION = YES;
				CLANG_WARN_INT_CONVERSION = YES;
				CLANG_WARN_NON_LITERAL_NULL_CONVERSION = YES;
				CLANG_WARN_OBJC_IMPLICIT_RETAIN_SELF = YES;
				CLANG_WARN_OBJC_LITERAL_CONVERSION = YES;
				CLANG_WARN_OBJC_ROOT_CLASS = YES_ERROR;
				CLANG_WARN_RANGE_LOOP_ANALYSIS = YES;
				CLANG_WARN_STRICT_PROTOTYPES = YES;
				CLANG_WARN_SUSPICIOUS_MOVE = YES;
				CLANG_WARN_UNGUARDED_AVAILABILITY = YES_AGGRESSIVE;
				CLANG_WARN_UNREACHABLE_CODE = YES;
				CLANG_WARN__DUPLICATE_METHOD_MATCH = YES;
				CODE_SIGN_IDENTITY = "iPhone Developer";
				COPY_PHASE_STRIP = NO;
				DEBUG_INFORMATION_FORMAT = dwarf;
				ENABLE_STRICT_OBJC_MSGSEND = YES;
				ENABLE_TESTABILITY = YES;
				GCC_C_LANGUAGE_STANDARD = gnu11;
				GCC_DYNAMIC_NO_PIC = NO;
				GCC_NO_COMMON_BLOCKS = YES;
				GCC_OPTIMIZATION_LEVEL = 0;
				GCC_PREPROCESSOR_DEFINITIONS = (
					"DEBUG=1",
					"$(inherited)",
				);
				GCC_WARN_64_TO_32_BIT_CONVERSION = YES;
				GCC_WARN_ABOUT_RETURN_TYPE = YES_ERROR;
				GCC_WARN_UNDECLARED_SELECTOR = YES;
				GCC_WARN_UNINITIALIZED_AUTOS = YES_AGGRESSIVE;
				GCC_WARN_UNUSED_FUNCTION = YES;
				GCC_WARN_UNUSED_VARIABLE = YES;
				IPHONEOS_DEPLOYMENT_TARGET = 12.2;
				MTL_ENABLE_DEBUG_INFO = INCLUDE_SOURCE;
				MTL_FAST_MATH = YES;
				ONLY_ACTIVE_ARCH = YES;
				SDKROOT = iphoneos;
				SWIFT_ACTIVE_COMPILATION_CONDITIONS = DEBUG;
				SWIFT_OPTIMIZATION_LEVEL = "-Onone";
			};
			name = Debug;
		};
		771AAA3B225A089F00CD100E /* Release */ = {
			isa = XCBuildConfiguration;
			buildSettings = {
				ALWAYS_SEARCH_USER_PATHS = NO;
				CLANG_ANALYZER_NONNULL = YES;
				CLANG_ANALYZER_NUMBER_OBJECT_CONVERSION = YES_AGGRESSIVE;
				CLANG_CXX_LANGUAGE_STANDARD = "gnu++14";
				CLANG_CXX_LIBRARY = "libc++";
				CLANG_ENABLE_MODULES = YES;
				CLANG_ENABLE_OBJC_ARC = YES;
				CLANG_ENABLE_OBJC_WEAK = YES;
				CLANG_WARN_BLOCK_CAPTURE_AUTORELEASING = YES;
				CLANG_WARN_BOOL_CONVERSION = YES;
				CLANG_WARN_COMMA = YES;
				CLANG_WARN_CONSTANT_CONVERSION = YES;
				CLANG_WARN_DEPRECATED_OBJC_IMPLEMENTATIONS = YES;
				CLANG_WARN_DIRECT_OBJC_ISA_USAGE = YES_ERROR;
				CLANG_WARN_DOCUMENTATION_COMMENTS = YES;
				CLANG_WARN_EMPTY_BODY = YES;
				CLANG_WARN_ENUM_CONVERSION = YES;
				CLANG_WARN_INFINITE_RECURSION = YES;
				CLANG_WARN_INT_CONVERSION = YES;
				CLANG_WARN_NON_LITERAL_NULL_CONVERSION = YES;
				CLANG_WARN_OBJC_IMPLICIT_RETAIN_SELF = YES;
				CLANG_WARN_OBJC_LITERAL_CONVERSION = YES;
				CLANG_WARN_OBJC_ROOT_CLASS = YES_ERROR;
				CLANG_WARN_RANGE_LOOP_ANALYSIS = YES;
				CLANG_WARN_STRICT_PROTOTYPES = YES;
				CLANG_WARN_SUSPICIOUS_MOVE = YES;
				CLANG_WARN_UNGUARDED_AVAILABILITY = YES_AGGRESSIVE;
				CLANG_WARN_UNREACHABLE_CODE = YES;
				CLANG_WARN__DUPLICATE_METHOD_MATCH = YES;
				CODE_SIGN_IDENTITY = "iPhone Developer";
				COPY_PHASE_STRIP = NO;
				DEBUG_INFORMATION_FORMAT = "dwarf-with-dsym";
				ENABLE_NS_ASSERTIONS = NO;
				ENABLE_STRICT_OBJC_MSGSEND = YES;
				GCC_C_LANGUAGE_STANDARD = gnu11;
				GCC_NO_COMMON_BLOCKS = YES;
				GCC_WARN_64_TO_32_BIT_CONVERSION = YES;
				GCC_WARN_ABOUT_RETURN_TYPE = YES_ERROR;
				GCC_WARN_UNDECLARED_SELECTOR = YES;
				GCC_WARN_UNINITIALIZED_AUTOS = YES_AGGRESSIVE;
				GCC_WARN_UNUSED_FUNCTION = YES;
				GCC_WARN_UNUSED_VARIABLE = YES;
				IPHONEOS_DEPLOYMENT_TARGET = 12.2;
				MTL_ENABLE_DEBUG_INFO = NO;
				MTL_FAST_MATH = YES;
				SDKROOT = iphoneos;
				SWIFT_COMPILATION_MODE = wholemodule;
				SWIFT_OPTIMIZATION_LEVEL = "-O";
				VALIDATE_PRODUCT = YES;
			};
			name = Release;
		};
		771AAA3D225A089F00CD100E /* Debug */ = {
			isa = XCBuildConfiguration;
			buildSettings = {
				ASSETCATALOG_COMPILER_APPICON_NAME = AppIcon;
				CODE_SIGN_STYLE = Automatic;
				DEVELOPMENT_TEAM = 7JBDG9C93S;
				INFOPLIST_FILE = LinkPreview/Info.plist;
				LD_RUNPATH_SEARCH_PATHS = (
					"$(inherited)",
					"@executable_path/Frameworks",
				);
				PRODUCT_BUNDLE_IDENTIFIER = me.hackp93.LinkPreview;
				PRODUCT_NAME = "$(TARGET_NAME)";
				SWIFT_VERSION = 5.0;
				TARGETED_DEVICE_FAMILY = "1,2";
			};
			name = Debug;
		};
		771AAA3E225A089F00CD100E /* Release */ = {
			isa = XCBuildConfiguration;
			buildSettings = {
				ASSETCATALOG_COMPILER_APPICON_NAME = AppIcon;
				CODE_SIGN_STYLE = Automatic;
				DEVELOPMENT_TEAM = 7JBDG9C93S;
				INFOPLIST_FILE = LinkPreview/Info.plist;
				LD_RUNPATH_SEARCH_PATHS = (
					"$(inherited)",
					"@executable_path/Frameworks",
				);
				PRODUCT_BUNDLE_IDENTIFIER = me.hackp93.LinkPreview;
				PRODUCT_NAME = "$(TARGET_NAME)";
				SWIFT_VERSION = 5.0;
				TARGETED_DEVICE_FAMILY = "1,2";
			};
			name = Release;
		};
		771AAA40225A089F00CD100E /* Debug */ = {
			isa = XCBuildConfiguration;
			buildSettings = {
				ALWAYS_EMBED_SWIFT_STANDARD_LIBRARIES = YES;
				BUNDLE_LOADER = "$(TEST_HOST)";
				CODE_SIGN_STYLE = Automatic;
				DEVELOPMENT_TEAM = 7JBDG9C93S;
				INFOPLIST_FILE = LinkPreviewTests/Info.plist;
				LD_RUNPATH_SEARCH_PATHS = (
					"$(inherited)",
					"@executable_path/Frameworks",
					"@loader_path/Frameworks",
				);
				PRODUCT_BUNDLE_IDENTIFIER = me.hackp93.LinkPreviewTests;
				PRODUCT_NAME = "$(TARGET_NAME)";
				SWIFT_VERSION = 5.0;
				TARGETED_DEVICE_FAMILY = "1,2";
				TEST_HOST = "$(BUILT_PRODUCTS_DIR)/LinkPreview.app/LinkPreview";
			};
			name = Debug;
		};
		771AAA41225A089F00CD100E /* Release */ = {
			isa = XCBuildConfiguration;
			buildSettings = {
				ALWAYS_EMBED_SWIFT_STANDARD_LIBRARIES = YES;
				BUNDLE_LOADER = "$(TEST_HOST)";
				CODE_SIGN_STYLE = Automatic;
				DEVELOPMENT_TEAM = 7JBDG9C93S;
				INFOPLIST_FILE = LinkPreviewTests/Info.plist;
				LD_RUNPATH_SEARCH_PATHS = (
					"$(inherited)",
					"@executable_path/Frameworks",
					"@loader_path/Frameworks",
				);
				PRODUCT_BUNDLE_IDENTIFIER = me.hackp93.LinkPreviewTests;
				PRODUCT_NAME = "$(TARGET_NAME)";
				SWIFT_VERSION = 5.0;
				TARGETED_DEVICE_FAMILY = "1,2";
				TEST_HOST = "$(BUILT_PRODUCTS_DIR)/LinkPreview.app/LinkPreview";
			};
			name = Release;
		};
		771AAA43225A089F00CD100E /* Debug */ = {
			isa = XCBuildConfiguration;
			buildSettings = {
				ALWAYS_EMBED_SWIFT_STANDARD_LIBRARIES = YES;
				CODE_SIGN_STYLE = Automatic;
				DEVELOPMENT_TEAM = 7JBDG9C93S;
				INFOPLIST_FILE = LinkPreviewUITests/Info.plist;
				LD_RUNPATH_SEARCH_PATHS = (
					"$(inherited)",
					"@executable_path/Frameworks",
					"@loader_path/Frameworks",
				);
				PRODUCT_BUNDLE_IDENTIFIER = me.hackp93.LinkPreviewUITests;
				PRODUCT_NAME = "$(TARGET_NAME)";
				SWIFT_VERSION = 5.0;
				TARGETED_DEVICE_FAMILY = "1,2";
				TEST_TARGET_NAME = LinkPreview;
			};
			name = Debug;
		};
		771AAA44225A089F00CD100E /* Release */ = {
			isa = XCBuildConfiguration;
			buildSettings = {
				ALWAYS_EMBED_SWIFT_STANDARD_LIBRARIES = YES;
				CODE_SIGN_STYLE = Automatic;
				DEVELOPMENT_TEAM = 7JBDG9C93S;
				INFOPLIST_FILE = LinkPreviewUITests/Info.plist;
				LD_RUNPATH_SEARCH_PATHS = (
					"$(inherited)",
					"@executable_path/Frameworks",
					"@loader_path/Frameworks",
				);
				PRODUCT_BUNDLE_IDENTIFIER = me.hackp93.LinkPreviewUITests;
				PRODUCT_NAME = "$(TARGET_NAME)";
				SWIFT_VERSION = 5.0;
				TARGETED_DEVICE_FAMILY = "1,2";
				TEST_TARGET_NAME = LinkPreview;
			};
			name = Release;
		};
/* End XCBuildConfiguration section */

/* Begin XCConfigurationList section */
		771AAA0F225A089E00CD100E /* Build configuration list for PBXProject "LinkPreview" */ = {
			isa = XCConfigurationList;
			buildConfigurations = (
				771AAA3A225A089F00CD100E /* Debug */,
				771AAA3B225A089F00CD100E /* Release */,
			);
			defaultConfigurationIsVisible = 0;
			defaultConfigurationName = Release;
		};
		771AAA3C225A089F00CD100E /* Build configuration list for PBXNativeTarget "LinkPreview" */ = {
			isa = XCConfigurationList;
			buildConfigurations = (
				771AAA3D225A089F00CD100E /* Debug */,
				771AAA3E225A089F00CD100E /* Release */,
			);
			defaultConfigurationIsVisible = 0;
			defaultConfigurationName = Release;
		};
		771AAA3F225A089F00CD100E /* Build configuration list for PBXNativeTarget "LinkPreviewTests" */ = {
			isa = XCConfigurationList;
			buildConfigurations = (
				771AAA40225A089F00CD100E /* Debug */,
				771AAA41225A089F00CD100E /* Release */,
			);
			defaultConfigurationIsVisible = 0;
			defaultConfigurationName = Release;
		};
		771AAA42225A089F00CD100E /* Build configuration list for PBXNativeTarget "LinkPreviewUITests" */ = {
			isa = XCConfigurationList;
			buildConfigurations = (
				771AAA43225A089F00CD100E /* Debug */,
				771AAA44225A089F00CD100E /* Release */,
			);
			defaultConfigurationIsVisible = 0;
			defaultConfigurationName = Release;
		};
/* End XCConfigurationList section */
	};
	rootObject = 771AAA0C225A089E00CD100E /* Project object */;
}
